// !$*UTF8*$!
{
	archiveVersion = 1;
	classes = {
	};
	objectVersion = 46;
	objects = {

/* Begin PBXBuildFile section */
		33BBC7ED17999F390047A6C8 /* Foundation.framework in Frameworks */ = {isa = PBXBuildFile; fileRef = 33BBC7EC17999F390047A6C8 /* Foundation.framework */; };
		33BBC7EF17999F390047A6C8 /* CoreGraphics.framework in Frameworks */ = {isa = PBXBuildFile; fileRef = 33BBC7EE17999F390047A6C8 /* CoreGraphics.framework */; };
		33BBC7F117999F390047A6C8 /* UIKit.framework in Frameworks */ = {isa = PBXBuildFile; fileRef = 33BBC7F017999F390047A6C8 /* UIKit.framework */; };
		33BBC7F717999F390047A6C8 /* InfoPlist.strings in Resources */ = {isa = PBXBuildFile; fileRef = 33BBC7F517999F390047A6C8 /* InfoPlist.strings */; };
		33BBC7F917999F390047A6C8 /* main.m in Sources */ = {isa = PBXBuildFile; fileRef = 33BBC7F817999F390047A6C8 /* main.m */; };
		33BBC7FD17999F390047A6C8 /* HZYAppDelegate.m in Sources */ = {isa = PBXBuildFile; fileRef = 33BBC7FC17999F390047A6C8 /* HZYAppDelegate.m */; };
		33BBC80017999F390047A6C8 /* Main.storyboard in Resources */ = {isa = PBXBuildFile; fileRef = 33BBC7FE17999F390047A6C8 /* Main.storyboard */; };
		33BBC80317999F390047A6C8 /* HZYFirstViewController.m in Sources */ = {isa = PBXBuildFile; fileRef = 33BBC80217999F390047A6C8 /* HZYFirstViewController.m */; };
		33BBC80617999F390047A6C8 /* HZYSecondViewController.m in Sources */ = {isa = PBXBuildFile; fileRef = 33BBC80517999F390047A6C8 /* HZYSecondViewController.m */; };
		33BBC80817999F390047A6C8 /* Images.xcassets in Resources */ = {isa = PBXBuildFile; fileRef = 33BBC80717999F390047A6C8 /* Images.xcassets */; };
		33BBC80F17999F390047A6C8 /* XCTest.framework in Frameworks */ = {isa = PBXBuildFile; fileRef = 33BBC80E17999F390047A6C8 /* XCTest.framework */; };
		33BBC81017999F390047A6C8 /* Foundation.framework in Frameworks */ = {isa = PBXBuildFile; fileRef = 33BBC7EC17999F390047A6C8 /* Foundation.framework */; };
		33BBC81117999F390047A6C8 /* UIKit.framework in Frameworks */ = {isa = PBXBuildFile; fileRef = 33BBC7F017999F390047A6C8 /* UIKit.framework */; };
		33BBC81917999F390047A6C8 /* InfoPlist.strings in Resources */ = {isa = PBXBuildFile; fileRef = 33BBC81717999F390047A6C8 /* InfoPlist.strings */; };
		33BBC81B17999F390047A6C8 /* StyleyTests.m in Sources */ = {isa = PBXBuildFile; fileRef = 33BBC81A17999F390047A6C8 /* StyleyTests.m */; };
/* End PBXBuildFile section */

/* Begin PBXContainerItemProxy section */
		33BBC81217999F390047A6C8 /* PBXContainerItemProxy */ = {
			isa = PBXContainerItemProxy;
			containerPortal = 33BBC7E117999F390047A6C8 /* Project object */;
			proxyType = 1;
			remoteGlobalIDString = 33BBC7E817999F390047A6C8;
			remoteInfo = Styley;
		};
/* End PBXContainerItemProxy section */

/* Begin PBXFileReference section */
		33BBC7E917999F390047A6C8 /* Styley.app */ = {isa = PBXFileReference; explicitFileType = wrapper.application; includeInIndex = 0; path = Styley.app; sourceTree = BUILT_PRODUCTS_DIR; };
		33BBC7EC17999F390047A6C8 /* Foundation.framework */ = {isa = PBXFileReference; lastKnownFileType = wrapper.framework; name = Foundation.framework; path = System/Library/Frameworks/Foundation.framework; sourceTree = SDKROOT; };
		33BBC7EE17999F390047A6C8 /* CoreGraphics.framework */ = {isa = PBXFileReference; lastKnownFileType = wrapper.framework; name = CoreGraphics.framework; path = System/Library/Frameworks/CoreGraphics.framework; sourceTree = SDKROOT; };
		33BBC7F017999F390047A6C8 /* UIKit.framework */ = {isa = PBXFileReference; lastKnownFileType = wrapper.framework; name = UIKit.framework; path = System/Library/Frameworks/UIKit.framework; sourceTree = SDKROOT; };
		33BBC7F417999F390047A6C8 /* Styley-Info.plist */ = {isa = PBXFileReference; lastKnownFileType = text.plist.xml; path = "Styley-Info.plist"; sourceTree = "<group>"; };
		33BBC7F617999F390047A6C8 /* en */ = {isa = PBXFileReference; lastKnownFileType = text.plist.strings; name = en; path = en.lproj/InfoPlist.strings; sourceTree = "<group>"; };
		33BBC7F817999F390047A6C8 /* main.m */ = {isa = PBXFileReference; lastKnownFileType = sourcecode.c.objc; path = main.m; sourceTree = "<group>"; };
		33BBC7FA17999F390047A6C8 /* Styley-Prefix.pch */ = {isa = PBXFileReference; lastKnownFileType = sourcecode.c.h; path = "Styley-Prefix.pch"; sourceTree = "<group>"; };
		33BBC7FB17999F390047A6C8 /* HZYAppDelegate.h */ = {isa = PBXFileReference; lastKnownFileType = sourcecode.c.h; path = HZYAppDelegate.h; sourceTree = "<group>"; };
		33BBC7FC17999F390047A6C8 /* HZYAppDelegate.m */ = {isa = PBXFileReference; lastKnownFileType = sourcecode.c.objc; path = HZYAppDelegate.m; sourceTree = "<group>"; };
		33BBC7FF17999F390047A6C8 /* Base */ = {isa = PBXFileReference; lastKnownFileType = file.storyboard; name = Base; path = Base.lproj/Main.storyboard; sourceTree = "<group>"; };
		33BBC80117999F390047A6C8 /* HZYFirstViewController.h */ = {isa = PBXFileReference; lastKnownFileType = sourcecode.c.h; path = HZYFirstViewController.h; sourceTree = "<group>"; };
		33BBC80217999F390047A6C8 /* HZYFirstViewController.m */ = {isa = PBXFileReference; lastKnownFileType = sourcecode.c.objc; path = HZYFirstViewController.m; sourceTree = "<group>"; };
		33BBC80417999F390047A6C8 /* HZYSecondViewController.h */ = {isa = PBXFileReference; lastKnownFileType = sourcecode.c.h; path = HZYSecondViewController.h; sourceTree = "<group>"; };
		33BBC80517999F390047A6C8 /* HZYSecondViewController.m */ = {isa = PBXFileReference; lastKnownFileType = sourcecode.c.objc; path = HZYSecondViewController.m; sourceTree = "<group>"; };
		33BBC80717999F390047A6C8 /* Images.xcassets */ = {isa = PBXFileReference; lastKnownFileType = folder.assetcatalog; path = Images.xcassets; sourceTree = "<group>"; };
		33BBC80D17999F390047A6C8 /* StyleyTests.xctest */ = {isa = PBXFileReference; explicitFileType = wrapper.cfbundle; includeInIndex = 0; path = StyleyTests.xctest; sourceTree = BUILT_PRODUCTS_DIR; };
		33BBC80E17999F390047A6C8 /* XCTest.framework */ = {isa = PBXFileReference; lastKnownFileType = wrapper.framework; name = XCTest.framework; path = Library/Frameworks/XCTest.framework; sourceTree = DEVELOPER_DIR; };
		33BBC81617999F390047A6C8 /* StyleyTests-Info.plist */ = {isa = PBXFileReference; lastKnownFileType = text.plist.xml; path = "StyleyTests-Info.plist"; sourceTree = "<group>"; };
		33BBC81817999F390047A6C8 /* en */ = {isa = PBXFileReference; lastKnownFileType = text.plist.strings; name = en; path = en.lproj/InfoPlist.strings; sourceTree = "<group>"; };
		33BBC81A17999F390047A6C8 /* StyleyTests.m */ = {isa = PBXFileReference; lastKnownFileType = sourcecode.c.objc; path = StyleyTests.m; sourceTree = "<group>"; };
/* End PBXFileReference section */

/* Begin PBXFrameworksBuildPhase section */
		33BBC7E617999F390047A6C8 /* Frameworks */ = {
			isa = PBXFrameworksBuildPhase;
			buildActionMask = 2147483647;
			files = (
				33BBC7EF17999F390047A6C8 /* CoreGraphics.framework in Frameworks */,
				33BBC7F117999F390047A6C8 /* UIKit.framework in Frameworks */,
				33BBC7ED17999F390047A6C8 /* Foundation.framework in Frameworks */,
			);
			runOnlyForDeploymentPostprocessing = 0;
		};
		33BBC80A17999F390047A6C8 /* Frameworks */ = {
			isa = PBXFrameworksBuildPhase;
			buildActionMask = 2147483647;
			files = (
				33BBC80F17999F390047A6C8 /* XCTest.framework in Frameworks */,
				33BBC81117999F390047A6C8 /* UIKit.framework in Frameworks */,
				33BBC81017999F390047A6C8 /* Foundation.framework in Frameworks */,
			);
			runOnlyForDeploymentPostprocessing = 0;
		};
/* End PBXFrameworksBuildPhase section */

/* Begin PBXGroup section */
		33BBC7E017999F390047A6C8 = {
			isa = PBXGroup;
			children = (
				33BBC7F217999F390047A6C8 /* Styley */,
				33BBC81417999F390047A6C8 /* StyleyTests */,
				33BBC7EB17999F390047A6C8 /* Frameworks */,
				33BBC7EA17999F390047A6C8 /* Products */,
			);
			sourceTree = "<group>";
		};
		33BBC7EA17999F390047A6C8 /* Products */ = {
			isa = PBXGroup;
			children = (
				33BBC7E917999F390047A6C8 /* Styley.app */,
				33BBC80D17999F390047A6C8 /* StyleyTests.xctest */,
			);
			name = Products;
			sourceTree = "<group>";
		};
		33BBC7EB17999F390047A6C8 /* Frameworks */ = {
			isa = PBXGroup;
			children = (
				33BBC7EC17999F390047A6C8 /* Foundation.framework */,
				33BBC7EE17999F390047A6C8 /* CoreGraphics.framework */,
				33BBC7F017999F390047A6C8 /* UIKit.framework */,
				33BBC80E17999F390047A6C8 /* XCTest.framework */,
			);
			name = Frameworks;
			sourceTree = "<group>";
		};
		33BBC7F217999F390047A6C8 /* Styley */ = {
			isa = PBXGroup;
			children = (
				33BBC7FB17999F390047A6C8 /* HZYAppDelegate.h */,
				33BBC7FC17999F390047A6C8 /* HZYAppDelegate.m */,
				33BBC7FE17999F390047A6C8 /* Main.storyboard */,
				33BBC80117999F390047A6C8 /* HZYFirstViewController.h */,
				33BBC80217999F390047A6C8 /* HZYFirstViewController.m */,
				33BBC80417999F390047A6C8 /* HZYSecondViewController.h */,
				33BBC80517999F390047A6C8 /* HZYSecondViewController.m */,
				33BBC80717999F390047A6C8 /* Images.xcassets */,
				33BBC7F317999F390047A6C8 /* Supporting Files */,
			);
			path = Styley;
			sourceTree = "<group>";
		};
		33BBC7F317999F390047A6C8 /* Supporting Files */ = {
			isa = PBXGroup;
			children = (
				33BBC7F417999F390047A6C8 /* Styley-Info.plist */,
				33BBC7F517999F390047A6C8 /* InfoPlist.strings */,
				33BBC7F817999F390047A6C8 /* main.m */,
				33BBC7FA17999F390047A6C8 /* Styley-Prefix.pch */,
			);
			name = "Supporting Files";
			sourceTree = "<group>";
		};
		33BBC81417999F390047A6C8 /* StyleyTests */ = {
			isa = PBXGroup;
			children = (
				33BBC81A17999F390047A6C8 /* StyleyTests.m */,
				33BBC81517999F390047A6C8 /* Supporting Files */,
			);
			path = StyleyTests;
			sourceTree = "<group>";
		};
		33BBC81517999F390047A6C8 /* Supporting Files */ = {
			isa = PBXGroup;
			children = (
				33BBC81617999F390047A6C8 /* StyleyTests-Info.plist */,
				33BBC81717999F390047A6C8 /* InfoPlist.strings */,
			);
			name = "Supporting Files";
			sourceTree = "<group>";
		};
/* End PBXGroup section */

/* Begin PBXNativeTarget section */
		33BBC7E817999F390047A6C8 /* Styley */ = {
			isa = PBXNativeTarget;
			buildConfigurationList = 33BBC81E17999F390047A6C8 /* Build configuration list for PBXNativeTarget "Styley" */;
			buildPhases = (
				33BBC7E517999F390047A6C8 /* Sources */,
				33BBC7E617999F390047A6C8 /* Frameworks */,
				33BBC7E717999F390047A6C8 /* Resources */,
			);
			buildRules = (
			);
			dependencies = (
			);
			name = Styley;
			productName = Styley;
			productReference = 33BBC7E917999F390047A6C8 /* Styley.app */;
			productType = "com.apple.product-type.application";
		};
		33BBC80C17999F390047A6C8 /* StyleyTests */ = {
			isa = PBXNativeTarget;
			buildConfigurationList = 33BBC82117999F390047A6C8 /* Build configuration list for PBXNativeTarget "StyleyTests" */;
			buildPhases = (
				33BBC80917999F390047A6C8 /* Sources */,
				33BBC80A17999F390047A6C8 /* Frameworks */,
				33BBC80B17999F390047A6C8 /* Resources */,
			);
			buildRules = (
			);
			dependencies = (
				33BBC81317999F390047A6C8 /* PBXTargetDependency */,
			);
			name = StyleyTests;
			productName = StyleyTests;
			productReference = 33BBC80D17999F390047A6C8 /* StyleyTests.xctest */;
			productType = "com.apple.product-type.bundle.unit-test";
		};
/* End PBXNativeTarget section */

/* Begin PBXProject section */
		33BBC7E117999F390047A6C8 /* Project object */ = {
			isa = PBXProject;
			attributes = {
				CLASSPREFIX = HZY;
				LastUpgradeCheck = 0500;
				ORGANIZATIONNAME = "Hannia Zia";
				TargetAttributes = {
					33BBC80C17999F390047A6C8 = {
						TestTargetID = 33BBC7E817999F390047A6C8;
					};
				};
			};
			buildConfigurationList = 33BBC7E417999F390047A6C8 /* Build configuration list for PBXProject "Styley" */;
			compatibilityVersion = "Xcode 3.2";
			developmentRegion = English;
			hasScannedForEncodings = 0;
			knownRegions = (
				en,
				Base,
			);
			mainGroup = 33BBC7E017999F390047A6C8;
			productRefGroup = 33BBC7EA17999F390047A6C8 /* Products */;
			projectDirPath = "";
			projectRoot = "";
			targets = (
				33BBC7E817999F390047A6C8 /* Styley */,
				33BBC80C17999F390047A6C8 /* StyleyTests */,
			);
		};
/* End PBXProject section */

/* Begin PBXResourcesBuildPhase section */
		33BBC7E717999F390047A6C8 /* Resources */ = {
			isa = PBXResourcesBuildPhase;
			buildActionMask = 2147483647;
			files = (
				33BBC80817999F390047A6C8 /* Images.xcassets in Resources */,
				33BBC7F717999F390047A6C8 /* InfoPlist.strings in Resources */,
				33BBC80017999F390047A6C8 /* Main.storyboard in Resources */,
			);
			runOnlyForDeploymentPostprocessing = 0;
		};
		33BBC80B17999F390047A6C8 /* Resources */ = {
			isa = PBXResourcesBuildPhase;
			buildActionMask = 2147483647;
			files = (
				33BBC81917999F390047A6C8 /* InfoPlist.strings in Resources */,
			);
			runOnlyForDeploymentPostprocessing = 0;
		};
/* End PBXResourcesBuildPhase section */

/* Begin PBXSourcesBuildPhase section */
		33BBC7E517999F390047A6C8 /* Sources */ = {
			isa = PBXSourcesBuildPhase;
			buildActionMask = 2147483647;
			files = (
				33BBC80317999F390047A6C8 /* HZYFirstViewController.m in Sources */,
				33BBC7FD17999F390047A6C8 /* HZYAppDelegate.m in Sources */,
				33BBC80617999F390047A6C8 /* HZYSecondViewController.m in Sources */,
				33BBC7F917999F390047A6C8 /* main.m in Sources */,
			);
			runOnlyForDeploymentPostprocessing = 0;
		};
		33BBC80917999F390047A6C8 /* Sources */ = {
			isa = PBXSourcesBuildPhase;
			buildActionMask = 2147483647;
			files = (
				33BBC81B17999F390047A6C8 /* StyleyTests.m in Sources */,
			);
			runOnlyForDeploymentPostprocessing = 0;
		};
/* End PBXSourcesBuildPhase section */

/* Begin PBXTargetDependency section */
		33BBC81317999F390047A6C8 /* PBXTargetDependency */ = {
			isa = PBXTargetDependency;
			target = 33BBC7E817999F390047A6C8 /* Styley */;
			targetProxy = 33BBC81217999F390047A6C8 /* PBXContainerItemProxy */;
		};
/* End PBXTargetDependency section */

/* Begin PBXVariantGroup section */
		33BBC7F517999F390047A6C8 /* InfoPlist.strings */ = {
			isa = PBXVariantGroup;
			children = (
				33BBC7F617999F390047A6C8 /* en */,
			);
			name = InfoPlist.strings;
			sourceTree = "<group>";
		};
		33BBC7FE17999F390047A6C8 /* Main.storyboard */ = {
			isa = PBXVariantGroup;
			children = (
				33BBC7FF17999F390047A6C8 /* Base */,
			);
			name = Main.storyboard;
			sourceTree = "<group>";
		};
		33BBC81717999F390047A6C8 /* InfoPlist.strings */ = {
			isa = PBXVariantGroup;
			children = (
				33BBC81817999F390047A6C8 /* en */,
			);
			name = InfoPlist.strings;
			sourceTree = "<group>";
		};
/* End PBXVariantGroup section */

/* Begin XCBuildConfiguration section */
		33BBC81C17999F390047A6C8 /* Debug */ = {
			isa = XCBuildConfiguration;
			buildSettings = {
				ALWAYS_SEARCH_USER_PATHS = NO;
				CLANG_CXX_LANGUAGE_STANDARD = "gnu++0x";
				CLANG_CXX_LIBRARY = "libc++";
				CLANG_ENABLE_MODULES = YES;
				CLANG_ENABLE_OBJC_ARC = YES;
				CLANG_WARN_BOOL_CONVERSION = YES;
				CLANG_WARN_CONSTANT_CONVERSION = YES;
				CLANG_WARN_DIRECT_OBJC_ISA_USAGE = YES_ERROR;
				CLANG_WARN_EMPTY_BODY = YES;
				CLANG_WARN_ENUM_CONVERSION = YES;
				CLANG_WARN_INT_CONVERSION = YES;
				CLANG_WARN_OBJC_ROOT_CLASS = YES_ERROR;
				CLANG_WARN__DUPLICATE_METHOD_MATCH = YES;
				"CODE_SIGN_IDENTITY[sdk=iphoneos*]" = "iPhone Developer";
				COPY_PHASE_STRIP = NO;
				GCC_C_LANGUAGE_STANDARD = gnu99;
				GCC_DYNAMIC_NO_PIC = NO;
				GCC_OPTIMIZATION_LEVEL = 0;
				GCC_PREPROCESSOR_DEFINITIONS = (
					"DEBUG=1",
					"$(inherited)",
				);
				GCC_SYMBOLS_PRIVATE_EXTERN = NO;
				GCC_WARN_ABOUT_RETURN_TYPE = YES_ERROR;
				GCC_WARN_UNDECLARED_SELECTOR = YES;
				GCC_WARN_UNINITIALIZED_AUTOS = YES;
				GCC_WARN_UNUSED_FUNCTION = YES;
				GCC_WARN_UNUSED_VARIABLE = YES;
				IPHONEOS_DEPLOYMENT_TARGET = 7.0;
				ONLY_ACTIVE_ARCH = YES;
				SDKROOT = iphoneos;
			};
			name = Debug;
		};
		33BBC81D17999F390047A6C8 /* Release */ = {
			isa = XCBuildConfiguration;
			buildSettings = {
				ALWAYS_SEARCH_USER_PATHS = NO;
				CLANG_CXX_LANGUAGE_STANDARD = "gnu++0x";
				CLANG_CXX_LIBRARY = "libc++";
				CLANG_ENABLE_MODULES = YES;
				CLANG_ENABLE_OBJC_ARC = YES;
				CLANG_WARN_BOOL_CONVERSION = YES;
				CLANG_WARN_CONSTANT_CONVERSION = YES;
				CLANG_WARN_DIRECT_OBJC_ISA_USAGE = YES_ERROR;
				CLANG_WARN_EMPTY_BODY = YES;
				CLANG_WARN_ENUM_CONVERSION = YES;
				CLANG_WARN_INT_CONVERSION = YES;
				CLANG_WARN_OBJC_ROOT_CLASS = YES_ERROR;
				CLANG_WARN__DUPLICATE_METHOD_MATCH = YES;
				"CODE_SIGN_IDENTITY[sdk=iphoneos*]" = "iPhone Developer";
				COPY_PHASE_STRIP = YES;
				ENABLE_NS_ASSERTIONS = NO;
				GCC_C_LANGUAGE_STANDARD = gnu99;
				GCC_WARN_ABOUT_RETURN_TYPE = YES_ERROR;
				GCC_WARN_UNDECLARED_SELECTOR = YES;
				GCC_WARN_UNINITIALIZED_AUTOS = YES;
				GCC_WARN_UNUSED_FUNCTION = YES;
				GCC_WARN_UNUSED_VARIABLE = YES;
				IPHONEOS_DEPLOYMENT_TARGET = 7.0;
				SDKROOT = iphoneos;
				VALIDATE_PRODUCT = YES;
			};
			name = Release;
		};
		33BBC81F17999F390047A6C8 /* Debug */ = {
			isa = XCBuildConfiguration;
			buildSettings = {
				ASSETCATALOG_COMPILER_APPICON_NAME = AppIcon;
				ASSETCATALOG_COMPILER_LAUNCHIMAGE_NAME = LaunchImage;
				GCC_PRECOMPILE_PREFIX_HEADER = YES;
				GCC_PREFIX_HEADER = "Styley/Styley-Prefix.pch";
				INFOPLIST_FILE = "Styley/Styley-Info.plist";
				PRODUCT_NAME = "$(TARGET_NAME)";
				WRAPPER_EXTENSION = app;
			};
			name = Debug;
		};
		33BBC82017999F390047A6C8 /* Release */ = {
			isa = XCBuildConfiguration;
			buildSettings = {
				ASSETCATALOG_COMPILER_APPICON_NAME = AppIcon;
				ASSETCATALOG_COMPILER_LAUNCHIMAGE_NAME = LaunchImage;
				GCC_PRECOMPILE_PREFIX_HEADER = YES;
				GCC_PREFIX_HEADER = "Styley/Styley-Prefix.pch";
				INFOPLIST_FILE = "Styley/Styley-Info.plist";
				PRODUCT_NAME = "$(TARGET_NAME)";
				WRAPPER_EXTENSION = app;
			};
			name = Release;
		};
		33BBC82217999F390047A6C8 /* Debug */ = {
			isa = XCBuildConfiguration;
			buildSettings = {
				BUNDLE_LOADER = "$(BUILT_PRODUCTS_DIR)/Styley.app/Styley";
				FRAMEWORK_SEARCH_PATHS = (
					"$(SDKROOT)/Developer/Library/Frameworks",
					"$(inherited)",
					"$(SYSTEM_APPS_DIR)/Xcode5-DP3.app/Contents/Developer/Library/Frameworks",
				);
				GCC_PRECOMPILE_PREFIX_HEADER = YES;
				GCC_PREFIX_HEADER = "Styley/Styley-Prefix.pch";
				GCC_PREPROCESSOR_DEFINITIONS = (
					"DEBUG=1",
					"$(inherited)",
				);
				INFOPLIST_FILE = "StyleyTests/StyleyTests-Info.plist";
				PRODUCT_NAME = "$(TARGET_NAME)";
				TEST_HOST = "$(BUNDLE_LOADER)";
				WRAPPER_EXTENSION = xctest;
			};
			name = Debug;
		};
		33BBC82317999F390047A6C8 /* Release */ = {
			isa = XCBuildConfiguration;
			buildSettings = {
				BUNDLE_LOADER = "$(BUILT_PRODUCTS_DIR)/Styley.app/Styley";
				FRAMEWORK_SEARCH_PATHS = (
					"$(SDKROOT)/Developer/Library/Frameworks",
					"$(inherited)",
					"$(SYSTEM_APPS_DIR)/Xcode5-DP3.app/Contents/Developer/Library/Frameworks",
				);
				GCC_PRECOMPILE_PREFIX_HEADER = YES;
				GCC_PREFIX_HEADER = "Styley/Styley-Prefix.pch";
				INFOPLIST_FILE = "StyleyTests/StyleyTests-Info.plist";
				PRODUCT_NAME = "$(TARGET_NAME)";
				TEST_HOST = "$(BUNDLE_LOADER)";
				WRAPPER_EXTENSION = xctest;
			};
			name = Release;
		};
/* End XCBuildConfiguration section */

/* Begin XCConfigurationList section */
		33BBC7E417999F390047A6C8 /* Build configuration list for PBXProject "Styley" */ = {
			isa = XCConfigurationList;
			buildConfigurations = (
				33BBC81C17999F390047A6C8 /* Debug */,
				33BBC81D17999F390047A6C8 /* Release */,
			);
			defaultConfigurationIsVisible = 0;
			defaultConfigurationName = Release;
		};
		33BBC81E17999F390047A6C8 /* Build configuration list for PBXNativeTarget "Styley" */ = {
			isa = XCConfigurationList;
			buildConfigurations = (
				33BBC81F17999F390047A6C8 /* Debug */,
				33BBC82017999F390047A6C8 /* Release */,
			);
			defaultConfigurationIsVisible = 0;
		};
		33BBC82117999F390047A6C8 /* Build configuration list for PBXNativeTarget "StyleyTests" */ = {
			isa = XCConfigurationList;
			buildConfigurations = (
				33BBC82217999F390047A6C8 /* Debug */,
				33BBC82317999F390047A6C8 /* Release */,
			);
			defaultConfigurationIsVisible = 0;
		};
/* End XCConfigurationList section */
	};
	rootObject = 33BBC7E117999F390047A6C8 /* Project object */;
}
